// !$*UTF8*$!
{
	archiveVersion = 1;
	classes = {
	};
	objectVersion = 50;
	objects = {

/* Begin PBXBuildFile section */
		62B3A76A24BC8D300047B421 /* AppDelegate.m in Sources */ = {isa = PBXBuildFile; fileRef = 62B3A76924BC8D300047B421 /* AppDelegate.m */; };
		62B3A76D24BC8D300047B421 /* SceneDelegate.m in Sources */ = {isa = PBXBuildFile; fileRef = 62B3A76C24BC8D300047B421 /* SceneDelegate.m */; };
		62B3A77024BC8D300047B421 /* ViewController.m in Sources */ = {isa = PBXBuildFile; fileRef = 62B3A76F24BC8D300047B421 /* ViewController.m */; };
		62B3A77324BC8D300047B421 /* Main.storyboard in Resources */ = {isa = PBXBuildFile; fileRef = 62B3A77124BC8D300047B421 /* Main.storyboard */; };
		62B3A77524BC8D320047B421 /* Assets.xcassets in Resources */ = {isa = PBXBuildFile; fileRef = 62B3A77424BC8D320047B421 /* Assets.xcassets */; };
		62B3A77824BC8D320047B421 /* LaunchScreen.storyboard in Resources */ = {isa = PBXBuildFile; fileRef = 62B3A77624BC8D320047B421 /* LaunchScreen.storyboard */; };
		62B3A77B24BC8D320047B421 /* main.m in Sources */ = {isa = PBXBuildFile; fileRef = 62B3A77A24BC8D320047B421 /* main.m */; };
		62B3A78524BC8D320047B421 /* ___Tests.m in Sources */ = {isa = PBXBuildFile; fileRef = 62B3A78424BC8D320047B421 /* ___Tests.m */; };
		62B3A79024BC8D320047B421 /* ___UITests.m in Sources */ = {isa = PBXBuildFile; fileRef = 62B3A78F24BC8D320047B421 /* ___UITests.m */; };
/* End PBXBuildFile section */

/* Begin PBXContainerItemProxy section */
		62B3A78124BC8D320047B421 /* PBXContainerItemProxy */ = {
			isa = PBXContainerItemProxy;
			containerPortal = 62B3A75D24BC8D300047B421 /* Project object */;
			proxyType = 1;
			remoteGlobalIDString = 62B3A76424BC8D300047B421;
			remoteInfo = "定时器";
		};
		62B3A78C24BC8D320047B421 /* PBXContainerItemProxy */ = {
			isa = PBXContainerItemProxy;
			containerPortal = 62B3A75D24BC8D300047B421 /* Project object */;
			proxyType = 1;
			remoteGlobalIDString = 62B3A76424BC8D300047B421;
			remoteInfo = "定时器";
		};
/* End PBXContainerItemProxy section */

/* Begin PBXFileReference section */
		62B3A76524BC8D300047B421 /* 定时器.app */ = {isa = PBXFileReference; explicitFileType = wrapper.application; includeInIndex = 0; path = "定时器.app"; sourceTree = BUILT_PRODUCTS_DIR; };
		62B3A76824BC8D300047B421 /* AppDelegate.h */ = {isa = PBXFileReference; lastKnownFileType = sourcecode.c.h; path = AppDelegate.h; sourceTree = "<group>"; };
		62B3A76924BC8D300047B421 /* AppDelegate.m */ = {isa = PBXFileReference; lastKnownFileType = sourcecode.c.objc; path = AppDelegate.m; sourceTree = "<group>"; };
		62B3A76B24BC8D300047B421 /* SceneDelegate.h */ = {isa = PBXFileReference; lastKnownFileType = sourcecode.c.h; path = SceneDelegate.h; sourceTree = "<group>"; };
		62B3A76C24BC8D300047B421 /* SceneDelegate.m */ = {isa = PBXFileReference; lastKnownFileType = sourcecode.c.objc; path = SceneDelegate.m; sourceTree = "<group>"; };
		62B3A76E24BC8D300047B421 /* ViewController.h */ = {isa = PBXFileReference; lastKnownFileType = sourcecode.c.h; path = ViewController.h; sourceTree = "<group>"; };
		62B3A76F24BC8D300047B421 /* ViewController.m */ = {isa = PBXFileReference; lastKnownFileType = sourcecode.c.objc; path = ViewController.m; sourceTree = "<group>"; };
		62B3A77224BC8D300047B421 /* Base */ = {isa = PBXFileReference; lastKnownFileType = file.storyboard; name = Base; path = Base.lproj/Main.storyboard; sourceTree = "<group>"; };
		62B3A77424BC8D320047B421 /* Assets.xcassets */ = {isa = PBXFileReference; lastKnownFileType = folder.assetcatalog; path = Assets.xcassets; sourceTree = "<group>"; };
		62B3A77724BC8D320047B421 /* Base */ = {isa = PBXFileReference; lastKnownFileType = file.storyboard; name = Base; path = Base.lproj/LaunchScreen.storyboard; sourceTree = "<group>"; };
		62B3A77924BC8D320047B421 /* Info.plist */ = {isa = PBXFileReference; lastKnownFileType = text.plist.xml; path = Info.plist; sourceTree = "<group>"; };
		62B3A77A24BC8D320047B421 /* main.m */ = {isa = PBXFileReference; lastKnownFileType = sourcecode.c.objc; path = main.m; sourceTree = "<group>"; };
		62B3A78024BC8D320047B421 /* 定时器Tests.xctest */ = {isa = PBXFileReference; explicitFileType = wrapper.cfbundle; includeInIndex = 0; path = "定时器Tests.xctest"; sourceTree = BUILT_PRODUCTS_DIR; };
		62B3A78424BC8D320047B421 /* ___Tests.m */ = {isa = PBXFileReference; lastKnownFileType = sourcecode.c.objc; path = "___Tests.m"; sourceTree = "<group>"; };
		62B3A78624BC8D320047B421 /* Info.plist */ = {isa = PBXFileReference; lastKnownFileType = text.plist.xml; path = Info.plist; sourceTree = "<group>"; };
		62B3A78B24BC8D320047B421 /* 定时器UITests.xctest */ = {isa = PBXFileReference; explicitFileType = wrapper.cfbundle; includeInIndex = 0; path = "定时器UITests.xctest"; sourceTree = BUILT_PRODUCTS_DIR; };
		62B3A78F24BC8D320047B421 /* ___UITests.m */ = {isa = PBXFileReference; lastKnownFileType = sourcecode.c.objc; path = "___UITests.m"; sourceTree = "<group>"; };
		62B3A79124BC8D320047B421 /* Info.plist */ = {isa = PBXFileReference; lastKnownFileType = text.plist.xml; path = Info.plist; sourceTree = "<group>"; };
/* End PBXFileReference section */

/* Begin PBXFrameworksBuildPhase section */
		62B3A76224BC8D300047B421 /* Frameworks */ = {
			isa = PBXFrameworksBuildPhase;
			buildActionMask = 2147483647;
			files = (
			);
			runOnlyForDeploymentPostprocessing = 0;
		};
		62B3A77D24BC8D320047B421 /* Frameworks */ = {
			isa = PBXFrameworksBuildPhase;
			buildActionMask = 2147483647;
			files = (
			);
			runOnlyForDeploymentPostprocessing = 0;
		};
		62B3A78824BC8D320047B421 /* Frameworks */ = {
			isa = PBXFrameworksBuildPhase;
			buildActionMask = 2147483647;
			files = (
			);
			runOnlyForDeploymentPostprocessing = 0;
		};
/* End PBXFrameworksBuildPhase section */

/* Begin PBXGroup section */
		62B3A75C24BC8D300047B421 = {
			isa = PBXGroup;
			children = (
				62B3A76724BC8D300047B421 /* 定时器 */,
				62B3A78324BC8D320047B421 /* 定时器Tests */,
				62B3A78E24BC8D320047B421 /* 定时器UITests */,
				62B3A76624BC8D300047B421 /* Products */,
			);
			sourceTree = "<group>";
		};
		62B3A76624BC8D300047B421 /* Products */ = {
			isa = PBXGroup;
			children = (
				62B3A76524BC8D300047B421 /* 定时器.app */,
				62B3A78024BC8D320047B421 /* 定时器Tests.xctest */,
				62B3A78B24BC8D320047B421 /* 定时器UITests.xctest */,
			);
			name = Products;
			sourceTree = "<group>";
		};
		62B3A76724BC8D300047B421 /* 定时器 */ = {
			isa = PBXGroup;
			children = (
				62B3A76824BC8D300047B421 /* AppDelegate.h */,
				62B3A76924BC8D300047B421 /* AppDelegate.m */,
				62B3A76B24BC8D300047B421 /* SceneDelegate.h */,
				62B3A76C24BC8D300047B421 /* SceneDelegate.m */,
				62B3A76E24BC8D300047B421 /* ViewController.h */,
				62B3A76F24BC8D300047B421 /* ViewController.m */,
				62B3A77124BC8D300047B421 /* Main.storyboard */,
				62B3A77424BC8D320047B421 /* Assets.xcassets */,
				62B3A77624BC8D320047B421 /* LaunchScreen.storyboard */,
				62B3A77924BC8D320047B421 /* Info.plist */,
				62B3A77A24BC8D320047B421 /* main.m */,
			);
			path = "定时器";
			sourceTree = "<group>";
		};
		62B3A78324BC8D320047B421 /* 定时器Tests */ = {
			isa = PBXGroup;
			children = (
				62B3A78424BC8D320047B421 /* ___Tests.m */,
				62B3A78624BC8D320047B421 /* Info.plist */,
			);
			path = "定时器Tests";
			sourceTree = "<group>";
		};
		62B3A78E24BC8D320047B421 /* 定时器UITests */ = {
			isa = PBXGroup;
			children = (
				62B3A78F24BC8D320047B421 /* ___UITests.m */,
				62B3A79124BC8D320047B421 /* Info.plist */,
			);
			path = "定时器UITests";
			sourceTree = "<group>";
		};
/* End PBXGroup section */

/* Begin PBXNativeTarget section */
		62B3A76424BC8D300047B421 /* 定时器 */ = {
			isa = PBXNativeTarget;
			buildConfigurationList = 62B3A79424BC8D320047B421 /* Build configuration list for PBXNativeTarget "定时器" */;
			buildPhases = (
				62B3A76124BC8D300047B421 /* Sources */,
				62B3A76224BC8D300047B421 /* Frameworks */,
				62B3A76324BC8D300047B421 /* Resources */,
			);
			buildRules = (
			);
			dependencies = (
			);
			name = "定时器";
			productName = "定时器";
			productReference = 62B3A76524BC8D300047B421 /* 定时器.app */;
			productType = "com.apple.product-type.application";
		};
		62B3A77F24BC8D320047B421 /* 定时器Tests */ = {
			isa = PBXNativeTarget;
			buildConfigurationList = 62B3A79724BC8D320047B421 /* Build configuration list for PBXNativeTarget "定时器Tests" */;
			buildPhases = (
				62B3A77C24BC8D320047B421 /* Sources */,
				62B3A77D24BC8D320047B421 /* Frameworks */,
				62B3A77E24BC8D320047B421 /* Resources */,
			);
			buildRules = (
			);
			dependencies = (
				62B3A78224BC8D320047B421 /* PBXTargetDependency */,
			);
			name = "定时器Tests";
			productName = "定时器Tests";
			productReference = 62B3A78024BC8D320047B421 /* 定时器Tests.xctest */;
			productType = "com.apple.product-type.bundle.unit-test";
		};
		62B3A78A24BC8D320047B421 /* 定时器UITests */ = {
			isa = PBXNativeTarget;
			buildConfigurationList = 62B3A79A24BC8D320047B421 /* Build configuration list for PBXNativeTarget "定时器UITests" */;
			buildPhases = (
				62B3A78724BC8D320047B421 /* Sources */,
				62B3A78824BC8D320047B421 /* Frameworks */,
				62B3A78924BC8D320047B421 /* Resources */,
			);
			buildRules = (
			);
			dependencies = (
				62B3A78D24BC8D320047B421 /* PBXTargetDependency */,
			);
			name = "定时器UITests";
			productName = "定时器UITests";
			productReference = 62B3A78B24BC8D320047B421 /* 定时器UITests.xctest */;
			productType = "com.apple.product-type.bundle.ui-testing";
		};
/* End PBXNativeTarget section */

/* Begin PBXProject section */
		62B3A75D24BC8D300047B421 /* Project object */ = {
			isa = PBXProject;
			attributes = {
				LastUpgradeCheck = 1150;
				ORGANIZATIONNAME = "仲雯";
				TargetAttributes = {
					62B3A76424BC8D300047B421 = {
						CreatedOnToolsVersion = 11.5;
					};
					62B3A77F24BC8D320047B421 = {
						CreatedOnToolsVersion = 11.5;
						TestTargetID = 62B3A76424BC8D300047B421;
					};
					62B3A78A24BC8D320047B421 = {
						CreatedOnToolsVersion = 11.5;
						TestTargetID = 62B3A76424BC8D300047B421;
					};
				};
			};
			buildConfigurationList = 62B3A76024BC8D300047B421 /* Build configuration list for PBXProject "定时器" */;
			compatibilityVersion = "Xcode 9.3";
			developmentRegion = en;
			hasScannedForEncodings = 0;
			knownRegions = (
				en,
				Base,
			);
			mainGroup = 62B3A75C24BC8D300047B421;
			productRefGroup = 62B3A76624BC8D300047B421 /* Products */;
			projectDirPath = "";
			projectRoot = "";
			targets = (
				62B3A76424BC8D300047B421 /* 定时器 */,
				62B3A77F24BC8D320047B421 /* 定时器Tests */,
				62B3A78A24BC8D320047B421 /* 定时器UITests */,
			);
		};
/* End PBXProject section */

/* Begin PBXResourcesBuildPhase section */
		62B3A76324BC8D300047B421 /* Resources */ = {
			isa = PBXResourcesBuildPhase;
			buildActionMask = 2147483647;
			files = (
				62B3A77824BC8D320047B421 /* LaunchScreen.storyboard in Resources */,
				62B3A77524BC8D320047B421 /* Assets.xcassets in Resources */,
				62B3A77324BC8D300047B421 /* Main.storyboard in Resources */,
			);
			runOnlyForDeploymentPostprocessing = 0;
		};
		62B3A77E24BC8D320047B421 /* Resources */ = {
			isa = PBXResourcesBuildPhase;
			buildActionMask = 2147483647;
			files = (
			);
			runOnlyForDeploymentPostprocessing = 0;
		};
		62B3A78924BC8D320047B421 /* Resources */ = {
			isa = PBXResourcesBuildPhase;
			buildActionMask = 2147483647;
			files = (
			);
			runOnlyForDeploymentPostprocessing = 0;
		};
/* End PBXResourcesBuildPhase section */

/* Begin PBXSourcesBuildPhase section */
		62B3A76124BC8D300047B421 /* Sources */ = {
			isa = PBXSourcesBuildPhase;
			buildActionMask = 2147483647;
			files = (
				62B3A77024BC8D300047B421 /* ViewController.m in Sources */,
				62B3A76A24BC8D300047B421 /* AppDelegate.m in Sources */,
				62B3A77B24BC8D320047B421 /* main.m in Sources */,
				62B3A76D24BC8D300047B421 /* SceneDelegate.m in Sources */,
			);
			runOnlyForDeploymentPostprocessing = 0;
		};
		62B3A77C24BC8D320047B421 /* Sources */ = {
			isa = PBXSourcesBuildPhase;
			buildActionMask = 2147483647;
			files = (
				62B3A78524BC8D320047B421 /* ___Tests.m in Sources */,
			);
			runOnlyForDeploymentPostprocessing = 0;
		};
		62B3A78724BC8D320047B421 /* Sources */ = {
			isa = PBXSourcesBuildPhase;
			buildActionMask = 2147483647;
			files = (
				62B3A79024BC8D320047B421 /* ___UITests.m in Sources */,
			);
			runOnlyForDeploymentPostprocessing = 0;
		};
/* End PBXSourcesBuildPhase section */

/* Begin PBXTargetDependency section */
		62B3A78224BC8D320047B421 /* PBXTargetDependency */ = {
			isa = PBXTargetDependency;
			target = 62B3A76424BC8D300047B421 /* 定时器 */;
			targetProxy = 62B3A78124BC8D320047B421 /* PBXContainerItemProxy */;
		};
		62B3A78D24BC8D320047B421 /* PBXTargetDependency */ = {
			isa = PBXTargetDependency;
			target = 62B3A76424BC8D300047B421 /* 定时器 */;
			targetProxy = 62B3A78C24BC8D320047B421 /* PBXContainerItemProxy */;
		};
/* End PBXTargetDependency section */

/* Begin PBXVariantGroup section */
		62B3A77124BC8D300047B421 /* Main.storyboard */ = {
			isa = PBXVariantGroup;
			children = (
				62B3A77224BC8D300047B421 /* Base */,
			);
			name = Main.storyboard;
			sourceTree = "<group>";
		};
		62B3A77624BC8D320047B421 /* LaunchScreen.storyboard */ = {
			isa = PBXVariantGroup;
			children = (
				62B3A77724BC8D320047B421 /* Base */,
			);
			name = LaunchScreen.storyboard;
			sourceTree = "<group>";
		};
/* End PBXVariantGroup section */

/* Begin XCBuildConfiguration section */
		62B3A79224BC8D320047B421 /* Debug */ = {
			isa = XCBuildConfiguration;
			buildSettings = {
				ALWAYS_SEARCH_USER_PATHS = NO;
				CLANG_ANALYZER_NONNULL = YES;
				CLANG_ANALYZER_NUMBER_OBJECT_CONVERSION = YES_AGGRESSIVE;
				CLANG_CXX_LANGUAGE_STANDARD = "gnu++14";
				CLANG_CXX_LIBRARY = "libc++";
				CLANG_ENABLE_MODULES = YES;
				CLANG_ENABLE_OBJC_ARC = YES;
				CLANG_ENABLE_OBJC_WEAK = YES;
				CLANG_WARN_BLOCK_CAPTURE_AUTORELEASING = YES;
				CLANG_WARN_BOOL_CONVERSION = YES;
				CLANG_WARN_COMMA = YES;
				CLANG_WARN_CONSTANT_CONVERSION = YES;
				CLANG_WARN_DEPRECATED_OBJC_IMPLEMENTATIONS = YES;
				CLANG_WARN_DIRECT_OBJC_ISA_USAGE = YES_ERROR;
				CLANG_WARN_DOCUMENTATION_COMMENTS = YES;
				CLANG_WARN_EMPTY_BODY = YES;
				CLANG_WARN_ENUM_CONVERSION = YES;
				CLANG_WARN_INFINITE_RECURSION = YES;
				CLANG_WARN_INT_CONVERSION = YES;
				CLANG_WARN_NON_LITERAL_NULL_CONVERSION = YES;
				CLANG_WARN_OBJC_IMPLICIT_RETAIN_SELF = YES;
				CLANG_WARN_OBJC_LITERAL_CONVERSION = YES;
				CLANG_WARN_OBJC_ROOT_CLASS = YES_ERROR;
				CLANG_WARN_RANGE_LOOP_ANALYSIS = YES;
				CLANG_WARN_STRICT_PROTOTYPES = YES;
				CLANG_WARN_SUSPICIOUS_MOVE = YES;
				CLANG_WARN_UNGUARDED_AVAILABILITY = YES_AGGRESSIVE;
				CLANG_WARN_UNREACHABLE_CODE = YES;
				CLANG_WARN__DUPLICATE_METHOD_MATCH = YES;
				COPY_PHASE_STRIP = NO;
				DEBUG_INFORMATION_FORMAT = dwarf;
				ENABLE_STRICT_OBJC_MSGSEND = YES;
				ENABLE_TESTABILITY = YES;
				GCC_C_LANGUAGE_STANDARD = gnu11;
				GCC_DYNAMIC_NO_PIC = NO;
				GCC_NO_COMMON_BLOCKS = YES;
				GCC_OPTIMIZATION_LEVEL = 0;
				GCC_PREPROCESSOR_DEFINITIONS = (
					"DEBUG=1",
					"$(inherited)",
				);
				GCC_WARN_64_TO_32_BIT_CONVERSION = YES;
				GCC_WARN_ABOUT_RETURN_TYPE = YES_ERROR;
				GCC_WARN_UNDECLARED_SELECTOR = YES;
				GCC_WARN_UNINITIALIZED_AUTOS = YES_AGGRESSIVE;
				GCC_WARN_UNUSED_FUNCTION = YES;
				GCC_WARN_UNUSED_VARIABLE = YES;
				IPHONEOS_DEPLOYMENT_TARGET = 13.5;
				MTL_ENABLE_DEBUG_INFO = INCLUDE_SOURCE;
				MTL_FAST_MATH = YES;
				ONLY_ACTIVE_ARCH = YES;
				SDKROOT = iphoneos;
			};
			name = Debug;
		};
		62B3A79324BC8D320047B421 /* Release */ = {
			isa = XCBuildConfiguration;
			buildSettings = {
				ALWAYS_SEARCH_USER_PATHS = NO;
				CLANG_ANALYZER_NONNULL = YES;
				CLANG_ANALYZER_NUMBER_OBJECT_CONVERSION = YES_AGGRESSIVE;
				CLANG_CXX_LANGUAGE_STANDARD = "gnu++14";
				CLANG_CXX_LIBRARY = "libc++";
				CLANG_ENABLE_MODULES = YES;
				CLANG_ENABLE_OBJC_ARC = YES;
				CLANG_ENABLE_OBJC_WEAK = YES;
				CLANG_WARN_BLOCK_CAPTURE_AUTORELEASING = YES;
				CLANG_WARN_BOOL_CONVERSION = YES;
				CLANG_WARN_COMMA = YES;
				CLANG_WARN_CONSTANT_CONVERSION = YES;
				CLANG_WARN_DEPRECATED_OBJC_IMPLEMENTATIONS = YES;
				CLANG_WARN_DIRECT_OBJC_ISA_USAGE = YES_ERROR;
				CLANG_WARN_DOCUMENTATION_COMMENTS = YES;
				CLANG_WARN_EMPTY_BODY = YES;
				CLANG_WARN_ENUM_CONVERSION = YES;
				CLANG_WARN_INFINITE_RECURSION = YES;
				CLANG_WARN_INT_CONVERSION = YES;
				CLANG_WARN_NON_LITERAL_NULL_CONVERSION = YES;
				CLANG_WARN_OBJC_IMPLICIT_RETAIN_SELF = YES;
				CLANG_WARN_OBJC_LITERAL_CONVERSION = YES;
				CLANG_WARN_OBJC_ROOT_CLASS = YES_ERROR;
				CLANG_WARN_RANGE_LOOP_ANALYSIS = YES;
				CLANG_WARN_STRICT_PROTOTYPES = YES;
				CLANG_WARN_SUSPICIOUS_MOVE = YES;
				CLANG_WARN_UNGUARDED_AVAILABILITY = YES_AGGRESSIVE;
				CLANG_WARN_UNREACHABLE_CODE = YES;
				CLANG_WARN__DUPLICATE_METHOD_MATCH = YES;
				COPY_PHASE_STRIP = NO;
				DEBUG_INFORMATION_FORMAT = "dwarf-with-dsym";
				ENABLE_NS_ASSERTIONS = NO;
				ENABLE_STRICT_OBJC_MSGSEND = YES;
				GCC_C_LANGUAGE_STANDARD = gnu11;
				GCC_NO_COMMON_BLOCKS = YES;
				GCC_WARN_64_TO_32_BIT_CONVERSION = YES;
				GCC_WARN_ABOUT_RETURN_TYPE = YES_ERROR;
				GCC_WARN_UNDECLARED_SELECTOR = YES;
				GCC_WARN_UNINITIALIZED_AUTOS = YES_AGGRESSIVE;
				GCC_WARN_UNUSED_FUNCTION = YES;
				GCC_WARN_UNUSED_VARIABLE = YES;
				IPHONEOS_DEPLOYMENT_TARGET = 13.5;
				MTL_ENABLE_DEBUG_INFO = NO;
				MTL_FAST_MATH = YES;
				SDKROOT = iphoneos;
				VALIDATE_PRODUCT = YES;
			};
			name = Release;
		};
		62B3A79524BC8D320047B421 /* Debug */ = {
			isa = XCBuildConfiguration;
			buildSettings = {
				ASSETCATALOG_COMPILER_APPICON_NAME = AppIcon;
				CODE_SIGN_STYLE = Automatic;
				INFOPLIST_FILE = "定时器/Info.plist";
				LD_RUNPATH_SEARCH_PATHS = (
					"$(inherited)",
					"@executable_path/Frameworks",
				);
				PRODUCT_BUNDLE_IDENTIFIER = "www.---";
				PRODUCT_NAME = "$(TARGET_NAME)";
				TARGETED_DEVICE_FAMILY = "1,2";
			};
			name = Debug;
		};
		62B3A79624BC8D320047B421 /* Release */ = {
			isa = XCBuildConfiguration;
			buildSettings = {
				ASSETCATALOG_COMPILER_APPICON_NAME = AppIcon;
				CODE_SIGN_STYLE = Automatic;
				INFOPLIST_FILE = "定时器/Info.plist";
				LD_RUNPATH_SEARCH_PATHS = (
					"$(inherited)",
					"@executable_path/Frameworks",
				);
				PRODUCT_BUNDLE_IDENTIFIER = "www.---";
				PRODUCT_NAME = "$(TARGET_NAME)";
				TARGETED_DEVICE_FAMILY = "1,2";
			};
			name = Release;
		};
		62B3A79824BC8D320047B421 /* Debug */ = {
			isa = XCBuildConfiguration;
			buildSettings = {
				BUNDLE_LOADER = "$(TEST_HOST)";
				CODE_SIGN_STYLE = Automatic;
				INFOPLIST_FILE = "定时器Tests/Info.plist";
				IPHONEOS_DEPLOYMENT_TARGET = 13.5;
				LD_RUNPATH_SEARCH_PATHS = (
					"$(inherited)",
					"@executable_path/Frameworks",
					"@loader_path/Frameworks",
				);
				PRODUCT_BUNDLE_IDENTIFIER = "www.---Tests";
				PRODUCT_NAME = "$(TARGET_NAME)";
				TARGETED_DEVICE_FAMILY = "1,2";
				TEST_HOST = "$(BUILT_PRODUCTS_DIR)/定时器.app/定时器";
			};
			name = Debug;
		};
		62B3A79924BC8D320047B421 /* Release */ = {
			isa = XCBuildConfiguration;
			buildSettings = {
				BUNDLE_LOADER = "$(TEST_HOST)";
				CODE_SIGN_STYLE = Automatic;
				INFOPLIST_FILE = "定时器Tests/Info.plist";
				IPHONEOS_DEPLOYMENT_TARGET = 13.5;
				LD_RUNPATH_SEARCH_PATHS = (
					"$(inherited)",
					"@executable_path/Frameworks",
					"@loader_path/Frameworks",
				);
				PRODUCT_BUNDLE_IDENTIFIER = "www.---Tests";
				PRODUCT_NAME = "$(TARGET_NAME)";
				TARGETED_DEVICE_FAMILY = "1,2";
				TEST_HOST = "$(BUILT_PRODUCTS_DIR)/定时器.app/定时器";
			};
			name = Release;
		};
		62B3A79B24BC8D320047B421 /* Debug */ = {
			isa = XCBuildConfiguration;
			buildSettings = {
				CODE_SIGN_STYLE = Automatic;
				INFOPLIST_FILE = "定时器UITests/Info.plist";
				LD_RUNPATH_SEARCH_PATHS = (
					"$(inherited)",
					"@executable_path/Frameworks",
					"@loader_path/Frameworks",
				);
				PRODUCT_BUNDLE_IDENTIFIER = "www.---UITests";
				PRODUCT_NAME = "$(TARGET_NAME)";
				TARGETED_DEVICE_FAMILY = "1,2";
				TEST_TARGET_NAME = "定时器";
			};
			name = Debug;
		};
		62B3A79C24BC8D320047B421 /* Release */ = {
			isa = XCBuildConfiguration;
			buildSettings = {
				CODE_SIGN_STYLE = Automatic;
				INFOPLIST_FILE = "定时器UITests/Info.plist";
				LD_RUNPATH_SEARCH_PATHS = (
					"$(inherited)",
					"@executable_path/Frameworks",
					"@loader_path/Frameworks",
				);
				PRODUCT_BUNDLE_IDENTIFIER = "www.---UITests";
				PRODUCT_NAME = "$(TARGET_NAME)";
				TARGETED_DEVICE_FAMILY = "1,2";
				TEST_TARGET_NAME = "定时器";
			};
			name = Release;
		};
/* End XCBuildConfiguration section */

/* Begin XCConfigurationList section */
		62B3A76024BC8D300047B421 /* Build configuration list for PBXProject "定时器" */ = {
			isa = XCConfigurationList;
			buildConfigurations = (
				62B3A79224BC8D320047B421 /* Debug */,
				62B3A79324BC8D320047B421 /* Release */,
			);
			defaultConfigurationIsVisible = 0;
			defaultConfigurationName = Release;
		};
		62B3A79424BC8D320047B421 /* Build configuration list for PBXNativeTarget "定时器" */ = {
			isa = XCConfigurationList;
			buildConfigurations = (
				62B3A79524BC8D320047B421 /* Debug */,
				62B3A79624BC8D320047B421 /* Release */,
			);
			defaultConfigurationIsVisible = 0;
			defaultConfigurationName = Release;
		};
		62B3A79724BC8D320047B421 /* Build configuration list for PBXNativeTarget "定时器Tests" */ = {
			isa = XCConfigurationList;
			buildConfigurations = (
				62B3A79824BC8D320047B421 /* Debug */,
				62B3A79924BC8D320047B421 /* Release */,
			);
			defaultConfigurationIsVisible = 0;
			defaultConfigurationName = Release;
		};
		62B3A79A24BC8D320047B421 /* Build configuration list for PBXNativeTarget "定时器UITests" */ = {
			isa = XCConfigurationList;
			buildConfigurations = (
				62B3A79B24BC8D320047B421 /* Debug */,
				62B3A79C24BC8D320047B421 /* Release */,
			);
			defaultConfigurationIsVisible = 0;
			defaultConfigurationName = Release;
		};
/* End XCConfigurationList section */
	};
	rootObject = 62B3A75D24BC8D300047B421 /* Project object */;
}
